// !$*UTF8*$!
{
	archiveVersion = 1;
	classes = {
	};
	objectVersion = 55;
	objects = {

/* Begin PBXBuildFile section */
		EECC222D28738D4F00EA84AC /* AppDelegate.swift in Sources */ = {isa = PBXBuildFile; fileRef = EECC222C28738D4F00EA84AC /* AppDelegate.swift */; };
		EECC222F28738D4F00EA84AC /* SceneDelegate.swift in Sources */ = {isa = PBXBuildFile; fileRef = EECC222E28738D4F00EA84AC /* SceneDelegate.swift */; };
		EECC223128738D4F00EA84AC /* FeaturedViewController.swift in Sources */ = {isa = PBXBuildFile; fileRef = EECC223028738D4F00EA84AC /* FeaturedViewController.swift */; };
		EECC223428738D4F00EA84AC /* Main.storyboard in Resources */ = {isa = PBXBuildFile; fileRef = EECC223228738D4F00EA84AC /* Main.storyboard */; };
		EECC223628738D5000EA84AC /* Assets.xcassets in Resources */ = {isa = PBXBuildFile; fileRef = EECC223528738D5000EA84AC /* Assets.xcassets */; };
		EECC223928738D5000EA84AC /* LaunchScreen.storyboard in Resources */ = {isa = PBXBuildFile; fileRef = EECC223728738D5000EA84AC /* LaunchScreen.storyboard */; };
		EECC2241287C45D200EA84AC /* PopularCollectionViewCell.swift in Sources */ = {isa = PBXBuildFile; fileRef = EECC2240287C45D200EA84AC /* PopularCollectionViewCell.swift */; };
		EECC2243287C467C00EA84AC /* NowplayingCollectionViewCell.swift in Sources */ = {isa = PBXBuildFile; fileRef = EECC2242287C467C00EA84AC /* NowplayingCollectionViewCell.swift */; };
		EECC2251287DA78C00EA84AC /* Movie+TrendingToday.swift in Sources */ = {isa = PBXBuildFile; fileRef = EECC2250287DA78C00EA84AC /* Movie+TrendingToday.swift */; };
		EECC2252287DA78C00EA84AC /* Movie+TrendingThisWeek.swift in Sources */ = {isa = PBXBuildFile; fileRef = EECC224C287DA78C00EA84AC /* Movie+TrendingThisWeek.swift */; };
		EECC2253287DA78C00EA84AC /* Movie+NowPlaying.swift in Sources */ = {isa = PBXBuildFile; fileRef = EECC224E287DA78C00EA84AC /* Movie+NowPlaying.swift */; };
		EECC2254287DA78C00EA84AC /* Movie+Upcoming.swift in Sources */ = {isa = PBXBuildFile; fileRef = EECC224D287DA78C00EA84AC /* Movie+Upcoming.swift */; };
		EECC2255287DA78C00EA84AC /* Movie+Popular.swift in Sources */ = {isa = PBXBuildFile; fileRef = EECC224F287DA78C00EA84AC /* Movie+Popular.swift */; };
		EECC2257287DC16100EA84AC /* FeaturesViewController+UiCollectionViewDataSource.swift in Sources */ = {isa = PBXBuildFile; fileRef = EECC2256287DC16100EA84AC /* FeaturesViewController+UiCollectionViewDataSource.swift */; };
		EECC2259287EF26C00EA84AC /* DetailsViewController.swift in Sources */ = {isa = PBXBuildFile; fileRef = EECC2258287EF26C00EA84AC /* DetailsViewController.swift */; };
		EECC225B287EF4A900EA84AC /* FeaturedViewController+UICollectionViewDelegate.swift in Sources */ = {isa = PBXBuildFile; fileRef = EECC225A287EF4A900EA84AC /* FeaturedViewController+UICollectionViewDelegate.swift */; };
		EECC225D2881974C00EA84AC /* TMDB-Info.plist in Resources */ = {isa = PBXBuildFile; fileRef = EECC225C2881974C00EA84AC /* TMDB-Info.plist */; };
		EECC225F28819DCA00EA84AC /* Movie+API.swift in Sources */ = {isa = PBXBuildFile; fileRef = EECC225E28819DCA00EA84AC /* Movie+API.swift */; };
		EECC22612881A0C700EA84AC /* Filme.swift in Sources */ = {isa = PBXBuildFile; fileRef = EECC22602881A0C700EA84AC /* Filme.swift */; };
		EECC22632881AE8B00EA84AC /* MovieResponse.swift in Sources */ = {isa = PBXBuildFile; fileRef = EECC22622881AE8B00EA84AC /* MovieResponse.swift */; };
/* End PBXBuildFile section */

/* Begin PBXFileReference section */
		EECC222928738D4F00EA84AC /* cineminha.app */ = {isa = PBXFileReference; explicitFileType = wrapper.application; includeInIndex = 0; path = cineminha.app; sourceTree = BUILT_PRODUCTS_DIR; };
		EECC222C28738D4F00EA84AC /* AppDelegate.swift */ = {isa = PBXFileReference; lastKnownFileType = sourcecode.swift; path = AppDelegate.swift; sourceTree = "<group>"; };
		EECC222E28738D4F00EA84AC /* SceneDelegate.swift */ = {isa = PBXFileReference; lastKnownFileType = sourcecode.swift; path = SceneDelegate.swift; sourceTree = "<group>"; };
		EECC223028738D4F00EA84AC /* FeaturedViewController.swift */ = {isa = PBXFileReference; lastKnownFileType = sourcecode.swift; path = FeaturedViewController.swift; sourceTree = "<group>"; };
		EECC223328738D4F00EA84AC /* Base */ = {isa = PBXFileReference; lastKnownFileType = file.storyboard; name = Base; path = Base.lproj/Main.storyboard; sourceTree = "<group>"; };
		EECC223528738D5000EA84AC /* Assets.xcassets */ = {isa = PBXFileReference; lastKnownFileType = folder.assetcatalog; path = Assets.xcassets; sourceTree = "<group>"; };
		EECC223828738D5000EA84AC /* Base */ = {isa = PBXFileReference; lastKnownFileType = file.storyboard; name = Base; path = Base.lproj/LaunchScreen.storyboard; sourceTree = "<group>"; };
		EECC223A28738D5000EA84AC /* Info.plist */ = {isa = PBXFileReference; lastKnownFileType = text.plist.xml; path = Info.plist; sourceTree = "<group>"; };
		EECC2240287C45D200EA84AC /* PopularCollectionViewCell.swift */ = {isa = PBXFileReference; lastKnownFileType = sourcecode.swift; path = PopularCollectionViewCell.swift; sourceTree = "<group>"; };
		EECC2242287C467C00EA84AC /* NowplayingCollectionViewCell.swift */ = {isa = PBXFileReference; lastKnownFileType = sourcecode.swift; path = NowplayingCollectionViewCell.swift; sourceTree = "<group>"; };
		EECC224C287DA78C00EA84AC /* Movie+TrendingThisWeek.swift */ = {isa = PBXFileReference; lastKnownFileType = sourcecode.swift; path = "Movie+TrendingThisWeek.swift"; sourceTree = "<group>"; };
		EECC224D287DA78C00EA84AC /* Movie+Upcoming.swift */ = {isa = PBXFileReference; lastKnownFileType = sourcecode.swift; path = "Movie+Upcoming.swift"; sourceTree = "<group>"; };
		EECC224E287DA78C00EA84AC /* Movie+NowPlaying.swift */ = {isa = PBXFileReference; lastKnownFileType = sourcecode.swift; path = "Movie+NowPlaying.swift"; sourceTree = "<group>"; };
		EECC224F287DA78C00EA84AC /* Movie+Popular.swift */ = {isa = PBXFileReference; lastKnownFileType = sourcecode.swift; path = "Movie+Popular.swift"; sourceTree = "<group>"; };
		EECC2250287DA78C00EA84AC /* Movie+TrendingToday.swift */ = {isa = PBXFileReference; lastKnownFileType = sourcecode.swift; path = "Movie+TrendingToday.swift"; sourceTree = "<group>"; };
		EECC2256287DC16100EA84AC /* FeaturesViewController+UiCollectionViewDataSource.swift */ = {isa = PBXFileReference; lastKnownFileType = sourcecode.swift; path = "FeaturesViewController+UiCollectionViewDataSource.swift"; sourceTree = "<group>"; };
		EECC2258287EF26C00EA84AC /* DetailsViewController.swift */ = {isa = PBXFileReference; lastKnownFileType = sourcecode.swift; path = DetailsViewController.swift; sourceTree = "<group>"; };
		EECC225A287EF4A900EA84AC /* FeaturedViewController+UICollectionViewDelegate.swift */ = {isa = PBXFileReference; lastKnownFileType = sourcecode.swift; path = "FeaturedViewController+UICollectionViewDelegate.swift"; sourceTree = "<group>"; };
		EECC225C2881974C00EA84AC /* TMDB-Info.plist */ = {isa = PBXFileReference; lastKnownFileType = text.plist.xml; path = "TMDB-Info.plist"; sourceTree = "<group>"; };
		EECC225E28819DCA00EA84AC /* Movie+API.swift */ = {isa = PBXFileReference; fileEncoding = 4; lastKnownFileType = sourcecode.swift; path = "Movie+API.swift"; sourceTree = "<group>"; };
		EECC22602881A0C700EA84AC /* Filme.swift */ = {isa = PBXFileReference; fileEncoding = 4; lastKnownFileType = sourcecode.swift; path = Filme.swift; sourceTree = "<group>"; };
		EECC22622881AE8B00EA84AC /* MovieResponse.swift */ = {isa = PBXFileReference; lastKnownFileType = sourcecode.swift; path = MovieResponse.swift; sourceTree = "<group>"; };
/* End PBXFileReference section */

/* Begin PBXFrameworksBuildPhase section */
		EECC222628738D4F00EA84AC /* Frameworks */ = {
			isa = PBXFrameworksBuildPhase;
			buildActionMask = 2147483647;
			files = (
			);
			runOnlyForDeploymentPostprocessing = 0;
		};
/* End PBXFrameworksBuildPhase section */

/* Begin PBXGroup section */
		EECC222028738D4F00EA84AC = {
			isa = PBXGroup;
			children = (
				EECC222B28738D4F00EA84AC /* cineminha */,
				EECC222A28738D4F00EA84AC /* Products */,
			);
			sourceTree = "<group>";
		};
		EECC222A28738D4F00EA84AC /* Products */ = {
			isa = PBXGroup;
			children = (
				EECC222928738D4F00EA84AC /* cineminha.app */,
			);
			name = Products;
			sourceTree = "<group>";
		};
		EECC222B28738D4F00EA84AC /* cineminha */ = {
			isa = PBXGroup;
			children = (
				EECC222C28738D4F00EA84AC /* AppDelegate.swift */,
				EECC222E28738D4F00EA84AC /* SceneDelegate.swift */,
				EECC2249287D960300EA84AC /* Modelo */,
				EECC2246287C481900EA84AC /* SupportingFiles */,
				EECC2244287C470100EA84AC /* Controller */,
				EECC2245287C472D00EA84AC /* Views */,
			);
			path = cineminha;
			sourceTree = "<group>";
		};
		EECC2244287C470100EA84AC /* Controller */ = {
			isa = PBXGroup;
			children = (
				EECC223028738D4F00EA84AC /* FeaturedViewController.swift */,
				EECC2256287DC16100EA84AC /* FeaturesViewController+UiCollectionViewDataSource.swift */,
				EECC225A287EF4A900EA84AC /* FeaturedViewController+UICollectionViewDelegate.swift */,
				EECC2258287EF26C00EA84AC /* DetailsViewController.swift */,
			);
			path = Controller;
			sourceTree = "<group>";
		};
		EECC2245287C472D00EA84AC /* Views */ = {
			isa = PBXGroup;
			children = (
				EECC2240287C45D200EA84AC /* PopularCollectionViewCell.swift */,
				EECC2242287C467C00EA84AC /* NowplayingCollectionViewCell.swift */,
				EECC223228738D4F00EA84AC /* Main.storyboard */,
				EECC223728738D5000EA84AC /* LaunchScreen.storyboard */,
			);
			path = Views;
			sourceTree = "<group>";
		};
		EECC2246287C481900EA84AC /* SupportingFiles */ = {
			isa = PBXGroup;
			children = (
				EECC223A28738D5000EA84AC /* Info.plist */,
				EECC223528738D5000EA84AC /* Assets.xcassets */,
				EECC225C2881974C00EA84AC /* TMDB-Info.plist */,
			);
			name = SupportingFiles;
			sourceTree = "<group>";
		};
		EECC2249287D960300EA84AC /* Modelo */ = {
			isa = PBXGroup;
			children = (
				EECC22602881A0C700EA84AC /* Filme.swift */,
				EECC225E28819DCA00EA84AC /* Movie+API.swift */,
				EECC224E287DA78C00EA84AC /* Movie+NowPlaying.swift */,
				EECC224F287DA78C00EA84AC /* Movie+Popular.swift */,
				EECC224C287DA78C00EA84AC /* Movie+TrendingThisWeek.swift */,
				EECC2250287DA78C00EA84AC /* Movie+TrendingToday.swift */,
				EECC224D287DA78C00EA84AC /* Movie+Upcoming.swift */,
				EECC22622881AE8B00EA84AC /* MovieResponse.swift */,
			);
			path = Modelo;
			sourceTree = "<group>";
		};
/* End PBXGroup section */

/* Begin PBXNativeTarget section */
		EECC222828738D4F00EA84AC /* cineminha */ = {
			isa = PBXNativeTarget;
			buildConfigurationList = EECC223D28738D5000EA84AC /* Build configuration list for PBXNativeTarget "cineminha" */;
			buildPhases = (
				EECC222528738D4F00EA84AC /* Sources */,
				EECC222628738D4F00EA84AC /* Frameworks */,
				EECC222728738D4F00EA84AC /* Resources */,
			);
			buildRules = (
			);
			dependencies = (
			);
			name = cineminha;
			productName = cineminha;
			productReference = EECC222928738D4F00EA84AC /* cineminha.app */;
			productType = "com.apple.product-type.application";
		};
/* End PBXNativeTarget section */

/* Begin PBXProject section */
		EECC222128738D4F00EA84AC /* Project object */ = {
			isa = PBXProject;
			attributes = {
				BuildIndependentTargetsInParallel = 1;
				LastSwiftUpdateCheck = 1320;
				LastUpgradeCheck = 1320;
				TargetAttributes = {
					EECC222828738D4F00EA84AC = {
						CreatedOnToolsVersion = 13.2.1;
					};
				};
			};
			buildConfigurationList = EECC222428738D4F00EA84AC /* Build configuration list for PBXProject "cineminha" */;
			compatibilityVersion = "Xcode 13.0";
			developmentRegion = en;
			hasScannedForEncodings = 0;
			knownRegions = (
				en,
				Base,
			);
			mainGroup = EECC222028738D4F00EA84AC;
			productRefGroup = EECC222A28738D4F00EA84AC /* Products */;
			projectDirPath = "";
			projectRoot = "";
			targets = (
				EECC222828738D4F00EA84AC /* cineminha */,
			);
		};
/* End PBXProject section */

/* Begin PBXResourcesBuildPhase section */
		EECC222728738D4F00EA84AC /* Resources */ = {
			isa = PBXResourcesBuildPhase;
			buildActionMask = 2147483647;
			files = (
				EECC223928738D5000EA84AC /* LaunchScreen.storyboard in Resources */,
				EECC225D2881974C00EA84AC /* TMDB-Info.plist in Resources */,
				EECC223628738D5000EA84AC /* Assets.xcassets in Resources */,
				EECC223428738D4F00EA84AC /* Main.storyboard in Resources */,
			);
			runOnlyForDeploymentPostprocessing = 0;
		};
/* End PBXResourcesBuildPhase section */

/* Begin PBXSourcesBuildPhase section */
		EECC222528738D4F00EA84AC /* Sources */ = {
			isa = PBXSourcesBuildPhase;
			buildActionMask = 2147483647;
			files = (
				EECC2254287DA78C00EA84AC /* Movie+Upcoming.swift in Sources */,
				EECC2251287DA78C00EA84AC /* Movie+TrendingToday.swift in Sources */,
				EECC225F28819DCA00EA84AC /* Movie+API.swift in Sources */,
				EECC22612881A0C700EA84AC /* Filme.swift in Sources */,
				EECC2255287DA78C00EA84AC /* Movie+Popular.swift in Sources */,
				EECC2253287DA78C00EA84AC /* Movie+NowPlaying.swift in Sources */,
				EECC2252287DA78C00EA84AC /* Movie+TrendingThisWeek.swift in Sources */,
				EECC2241287C45D200EA84AC /* PopularCollectionViewCell.swift in Sources */,
				EECC2257287DC16100EA84AC /* FeaturesViewController+UiCollectionViewDataSource.swift in Sources */,
				EECC225B287EF4A900EA84AC /* FeaturedViewController+UICollectionViewDelegate.swift in Sources */,
				EECC223128738D4F00EA84AC /* FeaturedViewController.swift in Sources */,
				EECC222D28738D4F00EA84AC /* AppDelegate.swift in Sources */,
				EECC222F28738D4F00EA84AC /* SceneDelegate.swift in Sources */,
				EECC22632881AE8B00EA84AC /* MovieResponse.swift in Sources */,
				EECC2259287EF26C00EA84AC /* DetailsViewController.swift in Sources */,
				EECC2243287C467C00EA84AC /* NowplayingCollectionViewCell.swift in Sources */,
			);
			runOnlyForDeploymentPostprocessing = 0;
		};
/* End PBXSourcesBuildPhase section */

/* Begin PBXVariantGroup section */
		EECC223228738D4F00EA84AC /* Main.storyboard */ = {
			isa = PBXVariantGroup;
			children = (
				EECC223328738D4F00EA84AC /* Base */,
			);
			name = Main.storyboard;
			sourceTree = "<group>";
		};
		EECC223728738D5000EA84AC /* LaunchScreen.storyboard */ = {
			isa = PBXVariantGroup;
			children = (
				EECC223828738D5000EA84AC /* Base */,
			);
			name = LaunchScreen.storyboard;
			sourceTree = "<group>";
		};
/* End PBXVariantGroup section */

/* Begin XCBuildConfiguration section */
		EECC223B28738D5000EA84AC /* Debug */ = {
			isa = XCBuildConfiguration;
			buildSettings = {
				ALWAYS_SEARCH_USER_PATHS = NO;
				CLANG_ANALYZER_NONNULL = YES;
				CLANG_ANALYZER_NUMBER_OBJECT_CONVERSION = YES_AGGRESSIVE;
				CLANG_CXX_LANGUAGE_STANDARD = "gnu++17";
				CLANG_CXX_LIBRARY = "libc++";
				CLANG_ENABLE_MODULES = YES;
				CLANG_ENABLE_OBJC_ARC = YES;
				CLANG_ENABLE_OBJC_WEAK = YES;
				CLANG_WARN_BLOCK_CAPTURE_AUTORELEASING = YES;
				CLANG_WARN_BOOL_CONVERSION = YES;
				CLANG_WARN_COMMA = YES;
				CLANG_WARN_CONSTANT_CONVERSION = YES;
				CLANG_WARN_DEPRECATED_OBJC_IMPLEMENTATIONS = YES;
				CLANG_WARN_DIRECT_OBJC_ISA_USAGE = YES_ERROR;
				CLANG_WARN_DOCUMENTATION_COMMENTS = YES;
				CLANG_WARN_EMPTY_BODY = YES;
				CLANG_WARN_ENUM_CONVERSION = YES;
				CLANG_WARN_INFINITE_RECURSION = YES;
				CLANG_WARN_INT_CONVERSION = YES;
				CLANG_WARN_NON_LITERAL_NULL_CONVERSION = YES;
				CLANG_WARN_OBJC_IMPLICIT_RETAIN_SELF = YES;
				CLANG_WARN_OBJC_LITERAL_CONVERSION = YES;
				CLANG_WARN_OBJC_ROOT_CLASS = YES_ERROR;
				CLANG_WARN_QUOTED_INCLUDE_IN_FRAMEWORK_HEADER = YES;
				CLANG_WARN_RANGE_LOOP_ANALYSIS = YES;
				CLANG_WARN_STRICT_PROTOTYPES = YES;
				CLANG_WARN_SUSPICIOUS_MOVE = YES;
				CLANG_WARN_UNGUARDED_AVAILABILITY = YES_AGGRESSIVE;
				CLANG_WARN_UNREACHABLE_CODE = YES;
				CLANG_WARN__DUPLICATE_METHOD_MATCH = YES;
				COPY_PHASE_STRIP = NO;
				DEBUG_INFORMATION_FORMAT = dwarf;
				ENABLE_STRICT_OBJC_MSGSEND = YES;
				ENABLE_TESTABILITY = YES;
				GCC_C_LANGUAGE_STANDARD = gnu11;
				GCC_DYNAMIC_NO_PIC = NO;
				GCC_NO_COMMON_BLOCKS = YES;
				GCC_OPTIMIZATION_LEVEL = 0;
				GCC_PREPROCESSOR_DEFINITIONS = (
					"DEBUG=1",
					"$(inherited)",
				);
				GCC_WARN_64_TO_32_BIT_CONVERSION = YES;
				GCC_WARN_ABOUT_RETURN_TYPE = YES_ERROR;
				GCC_WARN_UNDECLARED_SELECTOR = YES;
				GCC_WARN_UNINITIALIZED_AUTOS = YES_AGGRESSIVE;
				GCC_WARN_UNUSED_FUNCTION = YES;
				GCC_WARN_UNUSED_VARIABLE = YES;
				IPHONEOS_DEPLOYMENT_TARGET = 15.2;
				MTL_ENABLE_DEBUG_INFO = INCLUDE_SOURCE;
				MTL_FAST_MATH = YES;
				ONLY_ACTIVE_ARCH = YES;
				SDKROOT = iphoneos;
				SWIFT_ACTIVE_COMPILATION_CONDITIONS = DEBUG;
				SWIFT_OPTIMIZATION_LEVEL = "-Onone";
			};
			name = Debug;
		};
		EECC223C28738D5000EA84AC /* Release */ = {
			isa = XCBuildConfiguration;
			buildSettings = {
				ALWAYS_SEARCH_USER_PATHS = NO;
				CLANG_ANALYZER_NONNULL = YES;
				CLANG_ANALYZER_NUMBER_OBJECT_CONVERSION = YES_AGGRESSIVE;
				CLANG_CXX_LANGUAGE_STANDARD = "gnu++17";
				CLANG_CXX_LIBRARY = "libc++";
				CLANG_ENABLE_MODULES = YES;
				CLANG_ENABLE_OBJC_ARC = YES;
				CLANG_ENABLE_OBJC_WEAK = YES;
				CLANG_WARN_BLOCK_CAPTURE_AUTORELEASING = YES;
				CLANG_WARN_BOOL_CONVERSION = YES;
				CLANG_WARN_COMMA = YES;
				CLANG_WARN_CONSTANT_CONVERSION = YES;
				CLANG_WARN_DEPRECATED_OBJC_IMPLEMENTATIONS = YES;
				CLANG_WARN_DIRECT_OBJC_ISA_USAGE = YES_ERROR;
				CLANG_WARN_DOCUMENTATION_COMMENTS = YES;
				CLANG_WARN_EMPTY_BODY = YES;
				CLANG_WARN_ENUM_CONVERSION = YES;
				CLANG_WARN_INFINITE_RECURSION = YES;
				CLANG_WARN_INT_CONVERSION = YES;
				CLANG_WARN_NON_LITERAL_NULL_CONVERSION = YES;
				CLANG_WARN_OBJC_IMPLICIT_RETAIN_SELF = YES;
				CLANG_WARN_OBJC_LITERAL_CONVERSION = YES;
				CLANG_WARN_OBJC_ROOT_CLASS = YES_ERROR;
				CLANG_WARN_QUOTED_INCLUDE_IN_FRAMEWORK_HEADER = YES;
				CLANG_WARN_RANGE_LOOP_ANALYSIS = YES;
				CLANG_WARN_STRICT_PROTOTYPES = YES;
				CLANG_WARN_SUSPICIOUS_MOVE = YES;
				CLANG_WARN_UNGUARDED_AVAILABILITY = YES_AGGRESSIVE;
				CLANG_WARN_UNREACHABLE_CODE = YES;
				CLANG_WARN__DUPLICATE_METHOD_MATCH = YES;
				COPY_PHASE_STRIP = NO;
				DEBUG_INFORMATION_FORMAT = "dwarf-with-dsym";
				ENABLE_NS_ASSERTIONS = NO;
				ENABLE_STRICT_OBJC_MSGSEND = YES;
				GCC_C_LANGUAGE_STANDARD = gnu11;
				GCC_NO_COMMON_BLOCKS = YES;
				GCC_WARN_64_TO_32_BIT_CONVERSION = YES;
				GCC_WARN_ABOUT_RETURN_TYPE = YES_ERROR;
				GCC_WARN_UNDECLARED_SELECTOR = YES;
				GCC_WARN_UNINITIALIZED_AUTOS = YES_AGGRESSIVE;
				GCC_WARN_UNUSED_FUNCTION = YES;
				GCC_WARN_UNUSED_VARIABLE = YES;
				IPHONEOS_DEPLOYMENT_TARGET = 15.2;
				MTL_ENABLE_DEBUG_INFO = NO;
				MTL_FAST_MATH = YES;
				SDKROOT = iphoneos;
				SWIFT_COMPILATION_MODE = wholemodule;
				SWIFT_OPTIMIZATION_LEVEL = "-O";
				VALIDATE_PRODUCT = YES;
			};
			name = Release;
		};
		EECC223E28738D5000EA84AC /* Debug */ = {
			isa = XCBuildConfiguration;
			buildSettings = {
				ASSETCATALOG_COMPILER_APPICON_NAME = AppIcon;
				ASSETCATALOG_COMPILER_GLOBAL_ACCENT_COLOR_NAME = AccentColor;
				CODE_SIGN_STYLE = Automatic;
				CURRENT_PROJECT_VERSION = 1;
				DEVELOPMENT_TEAM = YR72926579;
				GENERATE_INFOPLIST_FILE = YES;
				INFOPLIST_FILE = cineminha/Info.plist;
				INFOPLIST_KEY_UIApplicationSupportsIndirectInputEvents = YES;
				INFOPLIST_KEY_UILaunchStoryboardName = LaunchScreen;
				INFOPLIST_KEY_UIMainStoryboardFile = Main;
				INFOPLIST_KEY_UISupportedInterfaceOrientations_iPad = "UIInterfaceOrientationPortrait UIInterfaceOrientationPortraitUpsideDown UIInterfaceOrientationLandscapeLeft UIInterfaceOrientationLandscapeRight";
				INFOPLIST_KEY_UISupportedInterfaceOrientations_iPhone = "UIInterfaceOrientationPortrait UIInterfaceOrientationLandscapeLeft UIInterfaceOrientationLandscapeRight";
				LD_RUNPATH_SEARCH_PATHS = (
					"$(inherited)",
					"@executable_path/Frameworks",
				);
				MARKETING_VERSION = 1.0;
				PRODUCT_BUNDLE_IDENTIFIER = br.Isabela.Batista.cineminha;
				PRODUCT_NAME = "$(TARGET_NAME)";
				SWIFT_EMIT_LOC_STRINGS = YES;
				SWIFT_VERSION = 5.0;
				TARGETED_DEVICE_FAMILY = "1,2";
			};
			name = Debug;
		};
		EECC223F28738D5000EA84AC /* Release */ = {
			isa = XCBuildConfiguration;
			buildSettings = {
				ASSETCATALOG_COMPILER_APPICON_NAME = AppIcon;
				ASSETCATALOG_COMPILER_GLOBAL_ACCENT_COLOR_NAME = AccentColor;
				CODE_SIGN_STYLE = Automatic;
				CURRENT_PROJECT_VERSION = 1;
				DEVELOPMENT_TEAM = YR72926579;
				GENERATE_INFOPLIST_FILE = YES;
				INFOPLIST_FILE = cineminha/Info.plist;
				INFOPLIST_KEY_UIApplicationSupportsIndirectInputEvents = YES;
				INFOPLIST_KEY_UILaunchStoryboardName = LaunchScreen;
				INFOPLIST_KEY_UIMainStoryboardFile = Main;
				INFOPLIST_KEY_UISupportedInterfaceOrientations_iPad = "UIInterfaceOrientationPortrait UIInterfaceOrientationPortraitUpsideDown UIInterfaceOrientationLandscapeLeft UIInterfaceOrientationLandscapeRight";
				INFOPLIST_KEY_UISupportedInterfaceOrientations_iPhone = "UIInterfaceOrientationPortrait UIInterfaceOrientationLandscapeLeft UIInterfaceOrientationLandscapeRight";
				LD_RUNPATH_SEARCH_PATHS = (
					"$(inherited)",
					"@executable_path/Frameworks",
				);
				MARKETING_VERSION = 1.0;
				PRODUCT_BUNDLE_IDENTIFIER = br.Isabela.Batista.cineminha;
				PRODUCT_NAME = "$(TARGET_NAME)";
				SWIFT_EMIT_LOC_STRINGS = YES;
				SWIFT_VERSION = 5.0;
				TARGETED_DEVICE_FAMILY = "1,2";
			};
			name = Release;
		};
/* End XCBuildConfiguration section */

/* Begin XCConfigurationList section */
		EECC222428738D4F00EA84AC /* Build configuration list for PBXProject "cineminha" */ = {
			isa = XCConfigurationList;
			buildConfigurations = (
				EECC223B28738D5000EA84AC /* Debug */,
				EECC223C28738D5000EA84AC /* Release */,
			);
			defaultConfigurationIsVisible = 0;
			defaultConfigurationName = Release;
		};
		EECC223D28738D5000EA84AC /* Build configuration list for PBXNativeTarget "cineminha" */ = {
			isa = XCConfigurationList;
			buildConfigurations = (
				EECC223E28738D5000EA84AC /* Debug */,
				EECC223F28738D5000EA84AC /* Release */,
			);
			defaultConfigurationIsVisible = 0;
			defaultConfigurationName = Release;
		};
/* End XCConfigurationList section */
	};
	rootObject = EECC222128738D4F00EA84AC /* Project object */;
}
